
Microsoft Visual Studio Solution File, Format Version 12.00
# Visual Studio Version 17
VisualStudioVersion = 17.10.35027.167
MinimumVisualStudioVersion = 10.0.40219.1
Project("{9A19103F-16F7-4668-BE54-9A1E7A4F7556}") = "ShopApp.WebUI", "ShopApp.WebUI\ShopApp.WebUI.csproj", "{267A15EF-83B6-488F-BC91-1F7367FD5660}"
	ProjectSection(ProjectDependencies) = postProject
		{94835EAD-33FB-4BF1-ABCD-8741C5E3D987} = {94835EAD-33FB-4BF1-ABCD-8741C5E3D987}
	EndProjectSection
EndProject
Project("{9A19103F-16F7-4668-BE54-9A1E7A4F7556}") = "ShopApp.DataAccess", "ShopApp.DataAccess\ShopApp.DataAccess.csproj", "{4552DF87-31CC-4BA4-84B8-BA293C0F1B2C}"
EndProject
Project("{9A19103F-16F7-4668-BE54-9A1E7A4F7556}") = "ShopApp.Entity", "ShopApp.Entity\ShopApp.Entity.csproj", "{94835EAD-33FB-4BF1-ABCD-8741C5E3D987}"
EndProject
Project("{FAE04EC0-301F-11D3-BF4B-00C04F79EFBC}") = "ShopApp.Business", "ShopApp.Business\ShopApp.Business.csproj", "{059D90F8-AC53-48BC-90A8-6DFA68A8A768}"
EndProject
Global
	GlobalSection(SolutionConfigurationPlatforms) = preSolution
		Debug|Any CPU = Debug|Any CPU
		Release|Any CPU = Release|Any CPU
	EndGlobalSection
	GlobalSection(ProjectConfigurationPlatforms) = postSolution
		{267A15EF-83B6-488F-BC91-1F7367FD5660}.Debug|Any CPU.ActiveCfg = Debug|Any CPU
		{267A15EF-83B6-488F-BC91-1F7367FD5660}.Debug|Any CPU.Build.0 = Debug|Any CPU
		{267A15EF-83B6-488F-BC91-1F7367FD5660}.Release|Any CPU.ActiveCfg = Release|Any CPU
		{267A15EF-83B6-488F-BC91-1F7367FD5660}.Release|Any CPU.Build.0 = Release|Any CPU
		{4552DF87-31CC-4BA4-84B8-BA293C0F1B2C}.Debug|Any CPU.ActiveCfg = Debug|Any CPU
		{4552DF87-31CC-4BA4-84B8-BA293C0F1B2C}.Debug|Any CPU.Build.0 = Debug|Any CPU
		{4552DF87-31CC-4BA4-84B8-BA293C0F1B2C}.Release|Any CPU.ActiveCfg = Release|Any CPU
		{4552DF87-31CC-4BA4-84B8-BA293C0F1B2C}.Release|Any CPU.Build.0 = Release|Any CPU
		{94835EAD-33FB-4BF1-ABCD-8741C5E3D987}.Debug|Any CPU.ActiveCfg = Debug|Any CPU
		{94835EAD-33FB-4BF1-ABCD-8741C5E3D987}.Debug|Any CPU.Build.0 = Debug|Any CPU
		{94835EAD-33FB-4BF1-ABCD-8741C5E3D987}.Release|Any CPU.ActiveCfg = Release|Any CPU
		{94835EAD-33FB-4BF1-ABCD-8741C5E3D987}.Release|Any CPU.Build.0 = Release|Any CPU
		{059D90F8-AC53-48BC-90A8-6DFA68A8A768}.Debug|Any CPU.ActiveCfg = Debug|Any CPU
		{059D90F8-AC53-48BC-90A8-6DFA68A8A768}.Debug|Any CPU.Build.0 = Debug|Any CPU
		{059D90F8-AC53-48BC-90A8-6DFA68A8A768}.Release|Any CPU.ActiveCfg = Release|Any CPU
		{059D90F8-AC53-48BC-90A8-6DFA68A8A768}.Release|Any CPU.Build.0 = Release|Any CPU
	EndGlobalSection
	GlobalSection(SolutionProperties) = preSolution
		HideSolutionNode = FALSE
	EndGlobalSection
	GlobalSection(ExtensibilityGlobals) = postSolution
		SolutionGuid = {070B4373-489F-4ED9-9513-9CC886E4EA76}
	EndGlobalSection
EndGlobal
